
Microsoft Visual Studio Solution File, Format Version 12.00
# Visual Studio Version 16
VisualStudioVersion = 16.0.30225.117
MinimumVisualStudioVersion = 10.0.40219.1
Project("{FAE04EC0-301F-11D3-BF4B-00C04F79EFBC}") = "exercicio-logica-programacao1", "exercicio-logica-programacao1.csproj", "{D923B041-FD85-4EEF-A6E5-55226766C969}"
EndProject
Global
	GlobalSection(SolutionConfigurationPlatforms) = preSolution
		Debug|Any CPU = Debug|Any CPU
		Release|Any CPU = Release|Any CPU
	EndGlobalSection
	GlobalSection(ProjectConfigurationPlatforms) = postSolution
		{D923B041-FD85-4EEF-A6E5-55226766C969}.Debug|Any CPU.ActiveCfg = Debug|Any CPU
		{D923B041-FD85-4EEF-A6E5-55226766C969}.Debug|Any CPU.Build.0 = Debug|Any CPU
		{D923B041-FD85-4EEF-A6E5-55226766C969}.Release|Any CPU.ActiveCfg = Release|Any CPU
		{D923B041-FD85-4EEF-A6E5-55226766C969}.Release|Any CPU.Build.0 = Release|Any CPU
	EndGlobalSection
	GlobalSection(SolutionProperties) = preSolution
		HideSolutionNode = FALSE
	EndGlobalSection
	GlobalSection(ExtensibilityGlobals) = postSolution
		SolutionGuid = {C968805A-E4A4-4BD2-B793-ED3D1FA3C8AB}
	EndGlobalSection
EndGlobal
